
Microsoft Visual Studio Solution File, Format Version 11.00
# Visual Studio 2010
Project("{8BC9CEB8-8B4A-11D0-8D11-00A0C91BC942}") = "lab5_1_3", "lab5_1_3\lab5_1_3.vcxproj", "{EE76AF62-0A1C-4F00-BE6E-A8580FAA68AE}"
EndProject
Global
	GlobalSection(SolutionConfigurationPlatforms) = preSolution
		Debug|Win32 = Debug|Win32
		Release|Win32 = Release|Win32
	EndGlobalSection
	GlobalSection(ProjectConfigurationPlatforms) = postSolution
		{EE76AF62-0A1C-4F00-BE6E-A8580FAA68AE}.Debug|Win32.ActiveCfg = Debug|Win32
		{EE76AF62-0A1C-4F00-BE6E-A8580FAA68AE}.Debug|Win32.Build.0 = Debug|Win32
		{EE76AF62-0A1C-4F00-BE6E-A8580FAA68AE}.Release|Win32.ActiveCfg = Release|Win32
		{EE76AF62-0A1C-4F00-BE6E-A8580FAA68AE}.Release|Win32.Build.0 = Release|Win32
	EndGlobalSection
	GlobalSection(SolutionProperties) = preSolution
		HideSolutionNode = FALSE
	EndGlobalSection
EndGlobal
